
Microsoft Visual Studio Solution File, Format Version 12.00
# Visual Studio Version 17
VisualStudioVersion = 17.0.31903.59
MinimumVisualStudioVersion = 10.0.40219.1
Project("{2150E333-8FDC-42A3-9474-1A3956D46DE8}") = "src", "src", "{827E0CD3-B72D-47B6-A68D-7590B98EB39B}"
EndProject
Project("{FAE04EC0-301F-11D3-BF4B-00C04F79EFBC}") = "ProcessSandbox.Abstractions", "src\ProcessSandbox.Abstractions\ProcessSandbox.Abstractions.csproj", "{E980C238-4ADB-46E6-BC72-876F93789CEB}"
EndProject
Project("{FAE04EC0-301F-11D3-BF4B-00C04F79EFBC}") = "ProcessSandbox", "src\ProcessSandbox\ProcessSandbox.csproj", "{C0C01CCF-82E2-4E22-AC29-31A733850F68}"
EndProject
Project("{FAE04EC0-301F-11D3-BF4B-00C04F79EFBC}") = "ProcessSandbox.Worker", "src\ProcessSandbox.Worker\ProcessSandbox.Worker.csproj", "{86479342-A5F7-4070-8DED-ADAB7EB2665F}"
EndProject
Project("{FAE04EC0-301F-11D3-BF4B-00C04F79EFBC}") = "ProcessSandbox.Worker.Net48", "src\ProcessSandbox.Worker.Net48\ProcessSandbox.Worker.Net48.csproj", "{882E9223-81FB-46D9-B74A-4CFF0331AE48}"
EndProject
Project("{2150E333-8FDC-42A3-9474-1A3956D46DE8}") = "tests", "tests", "{0AB3BF05-4346-4AA6-1389-037BE0695223}"
EndProject
Project("{FAE04EC0-301F-11D3-BF4B-00C04F79EFBC}") = "ProcessSandbox.Tests", "tests\ProcessSandbox.Tests\ProcessSandbox.Tests.csproj", "{2437D88D-801C-45F9-85F5-FE65E09BD50A}"
EndProject
Project("{FAE04EC0-301F-11D3-BF4B-00C04F79EFBC}") = "TestImplementations", "tests\TestImplementations\TestImplementations.csproj", "{732125C4-7198-4B97-9D72-74F5DE200B28}"
EndProject
Project("{FAE04EC0-301F-11D3-BF4B-00C04F79EFBC}") = "ProcessSandbox.Integration.Tests", "tests\ProcessSandbox.Integration.Tests\ProcessSandbox.Integration.Tests.csproj", "{000CC7EE-1A85-4AF7-B360-78BECD80DDC0}"
EndProject
Global
	GlobalSection(SolutionConfigurationPlatforms) = preSolution
		Debug|Any CPU = Debug|Any CPU
		Debug|x64 = Debug|x64
		Debug|x86 = Debug|x86
		Release|Any CPU = Release|Any CPU
		Release|x64 = Release|x64
		Release|x86 = Release|x86
	EndGlobalSection
	GlobalSection(ProjectConfigurationPlatforms) = postSolution
		{E980C238-4ADB-46E6-BC72-876F93789CEB}.Debug|Any CPU.ActiveCfg = Debug|Any CPU
		{E980C238-4ADB-46E6-BC72-876F93789CEB}.Debug|Any CPU.Build.0 = Debug|Any CPU
		{E980C238-4ADB-46E6-BC72-876F93789CEB}.Debug|x64.ActiveCfg = Debug|Any CPU
		{E980C238-4ADB-46E6-BC72-876F93789CEB}.Debug|x64.Build.0 = Debug|Any CPU
		{E980C238-4ADB-46E6-BC72-876F93789CEB}.Debug|x86.ActiveCfg = Debug|Any CPU
		{E980C238-4ADB-46E6-BC72-876F93789CEB}.Debug|x86.Build.0 = Debug|Any CPU
		{E980C238-4ADB-46E6-BC72-876F93789CEB}.Release|Any CPU.ActiveCfg = Release|Any CPU
		{E980C238-4ADB-46E6-BC72-876F93789CEB}.Release|Any CPU.Build.0 = Release|Any CPU
		{E980C238-4ADB-46E6-BC72-876F93789CEB}.Release|x64.ActiveCfg = Release|Any CPU
		{E980C238-4ADB-46E6-BC72-876F93789CEB}.Release|x64.Build.0 = Release|Any CPU
		{E980C238-4ADB-46E6-BC72-876F93789CEB}.Release|x86.ActiveCfg = Release|Any CPU
		{E980C238-4ADB-46E6-BC72-876F93789CEB}.Release|x86.Build.0 = Release|Any CPU
		{C0C01CCF-82E2-4E22-AC29-31A733850F68}.Debug|Any CPU.ActiveCfg = Debug|Any CPU
		{C0C01CCF-82E2-4E22-AC29-31A733850F68}.Debug|Any CPU.Build.0 = Debug|Any CPU
		{C0C01CCF-82E2-4E22-AC29-31A733850F68}.Debug|x64.ActiveCfg = Debug|Any CPU
		{C0C01CCF-82E2-4E22-AC29-31A733850F68}.Debug|x64.Build.0 = Debug|Any CPU
		{C0C01CCF-82E2-4E22-AC29-31A733850F68}.Debug|x86.ActiveCfg = Debug|Any CPU
		{C0C01CCF-82E2-4E22-AC29-31A733850F68}.Debug|x86.Build.0 = Debug|Any CPU
		{C0C01CCF-82E2-4E22-AC29-31A733850F68}.Release|Any CPU.ActiveCfg = Release|Any CPU
		{C0C01CCF-82E2-4E22-AC29-31A733850F68}.Release|Any CPU.Build.0 = Release|Any CPU
		{C0C01CCF-82E2-4E22-AC29-31A733850F68}.Release|x64.ActiveCfg = Release|Any CPU
		{C0C01CCF-82E2-4E22-AC29-31A733850F68}.Release|x64.Build.0 = Release|Any CPU
		{C0C01CCF-82E2-4E22-AC29-31A733850F68}.Release|x86.ActiveCfg = Release|Any CPU
		{C0C01CCF-82E2-4E22-AC29-31A733850F68}.Release|x86.Build.0 = Release|Any CPU
		{86479342-A5F7-4070-8DED-ADAB7EB2665F}.Debug|Any CPU.ActiveCfg = Debug|Any CPU
		{86479342-A5F7-4070-8DED-ADAB7EB2665F}.Debug|Any CPU.Build.0 = Debug|Any CPU
		{86479342-A5F7-4070-8DED-ADAB7EB2665F}.Debug|x64.ActiveCfg = Debug|Any CPU
		{86479342-A5F7-4070-8DED-ADAB7EB2665F}.Debug|x64.Build.0 = Debug|Any CPU
		{86479342-A5F7-4070-8DED-ADAB7EB2665F}.Debug|x86.ActiveCfg = Debug|Any CPU
		{86479342-A5F7-4070-8DED-ADAB7EB2665F}.Debug|x86.Build.0 = Debug|Any CPU
		{86479342-A5F7-4070-8DED-ADAB7EB2665F}.Release|Any CPU.ActiveCfg = Release|Any CPU
		{86479342-A5F7-4070-8DED-ADAB7EB2665F}.Release|Any CPU.Build.0 = Release|Any CPU
		{86479342-A5F7-4070-8DED-ADAB7EB2665F}.Release|x64.ActiveCfg = Release|Any CPU
		{86479342-A5F7-4070-8DED-ADAB7EB2665F}.Release|x64.Build.0 = Release|Any CPU
		{86479342-A5F7-4070-8DED-ADAB7EB2665F}.Release|x86.ActiveCfg = Release|Any CPU
		{86479342-A5F7-4070-8DED-ADAB7EB2665F}.Release|x86.Build.0 = Release|Any CPU
		{882E9223-81FB-46D9-B74A-4CFF0331AE48}.Debug|Any CPU.ActiveCfg = Debug|Any CPU
		{882E9223-81FB-46D9-B74A-4CFF0331AE48}.Debug|Any CPU.Build.0 = Debug|Any CPU
		{882E9223-81FB-46D9-B74A-4CFF0331AE48}.Debug|x64.ActiveCfg = Debug|Any CPU
		{882E9223-81FB-46D9-B74A-4CFF0331AE48}.Debug|x64.Build.0 = Debug|Any CPU
		{882E9223-81FB-46D9-B74A-4CFF0331AE48}.Debug|x86.ActiveCfg = Debug|Any CPU
		{882E9223-81FB-46D9-B74A-4CFF0331AE48}.Debug|x86.Build.0 = Debug|Any CPU
		{882E9223-81FB-46D9-B74A-4CFF0331AE48}.Release|Any CPU.ActiveCfg = Release|Any CPU
		{882E9223-81FB-46D9-B74A-4CFF0331AE48}.Release|Any CPU.Build.0 = Release|Any CPU
		{882E9223-81FB-46D9-B74A-4CFF0331AE48}.Release|x64.ActiveCfg = Release|Any CPU
		{882E9223-81FB-46D9-B74A-4CFF0331AE48}.Release|x64.Build.0 = Release|Any CPU
		{882E9223-81FB-46D9-B74A-4CFF0331AE48}.Release|x86.ActiveCfg = Release|Any CPU
		{882E9223-81FB-46D9-B74A-4CFF0331AE48}.Release|x86.Build.0 = Release|Any CPU
		{2437D88D-801C-45F9-85F5-FE65E09BD50A}.Debug|Any CPU.ActiveCfg = Debug|Any CPU
		{2437D88D-801C-45F9-85F5-FE65E09BD50A}.Debug|Any CPU.Build.0 = Debug|Any CPU
		{2437D88D-801C-45F9-85F5-FE65E09BD50A}.Debug|x64.ActiveCfg = Debug|Any CPU
		{2437D88D-801C-45F9-85F5-FE65E09BD50A}.Debug|x64.Build.0 = Debug|Any CPU
		{2437D88D-801C-45F9-85F5-FE65E09BD50A}.Debug|x86.ActiveCfg = Debug|Any CPU
		{2437D88D-801C-45F9-85F5-FE65E09BD50A}.Debug|x86.Build.0 = Debug|Any CPU
		{2437D88D-801C-45F9-85F5-FE65E09BD50A}.Release|Any CPU.ActiveCfg = Release|Any CPU
		{2437D88D-801C-45F9-85F5-FE65E09BD50A}.Release|Any CPU.Build.0 = Release|Any CPU
		{2437D88D-801C-45F9-85F5-FE65E09BD50A}.Release|x64.ActiveCfg = Release|Any CPU
		{2437D88D-801C-45F9-85F5-FE65E09BD50A}.Release|x64.Build.0 = Release|Any CPU
		{2437D88D-801C-45F9-85F5-FE65E09BD50A}.Release|x86.ActiveCfg = Release|Any CPU
		{2437D88D-801C-45F9-85F5-FE65E09BD50A}.Release|x86.Build.0 = Release|Any CPU
		{732125C4-7198-4B97-9D72-74F5DE200B28}.Debug|Any CPU.ActiveCfg = Debug|Any CPU
		{732125C4-7198-4B97-9D72-74F5DE200B28}.Debug|Any CPU.Build.0 = Debug|Any CPU
		{732125C4-7198-4B97-9D72-74F5DE200B28}.Debug|x64.ActiveCfg = Debug|Any CPU
		{732125C4-7198-4B97-9D72-74F5DE200B28}.Debug|x64.Build.0 = Debug|Any CPU
		{732125C4-7198-4B97-9D72-74F5DE200B28}.Debug|x86.ActiveCfg = Debug|Any CPU
		{732125C4-7198-4B97-9D72-74F5DE200B28}.Debug|x86.Build.0 = Debug|Any CPU
		{732125C4-7198-4B97-9D72-74F5DE200B28}.Release|Any CPU.ActiveCfg = Release|Any CPU
		{732125C4-7198-4B97-9D72-74F5DE200B28}.Release|Any CPU.Build.0 = Release|Any CPU
		{732125C4-7198-4B97-9D72-74F5DE200B28}.Release|x64.ActiveCfg = Release|Any CPU
		{732125C4-7198-4B97-9D72-74F5DE200B28}.Release|x64.Build.0 = Release|Any CPU
		{732125C4-7198-4B97-9D72-74F5DE200B28}.Release|x86.ActiveCfg = Release|Any CPU
		{732125C4-7198-4B97-9D72-74F5DE200B28}.Release|x86.Build.0 = Release|Any CPU
		{000CC7EE-1A85-4AF7-B360-78BECD80DDC0}.Debug|Any CPU.ActiveCfg = Debug|Any CPU
		{000CC7EE-1A85-4AF7-B360-78BECD80DDC0}.Debug|Any CPU.Build.0 = Debug|Any CPU
		{000CC7EE-1A85-4AF7-B360-78BECD80DDC0}.Debug|x64.ActiveCfg = Debug|Any CPU
		{000CC7EE-1A85-4AF7-B360-78BECD80DDC0}.Debug|x64.Build.0 = Debug|Any CPU
		{000CC7EE-1A85-4AF7-B360-78BECD80DDC0}.Debug|x86.ActiveCfg = Debug|Any CPU
		{000CC7EE-1A85-4AF7-B360-78BECD80DDC0}.Debug|x86.Build.0 = Debug|Any CPU
		{000CC7EE-1A85-4AF7-B360-78BECD80DDC0}.Release|Any CPU.ActiveCfg = Release|Any CPU
		{000CC7EE-1A85-4AF7-B360-78BECD80DDC0}.Release|Any CPU.Build.0 = Release|Any CPU
		{000CC7EE-1A85-4AF7-B360-78BECD80DDC0}.Release|x64.ActiveCfg = Release|Any CPU
		{000CC7EE-1A85-4AF7-B360-78BECD80DDC0}.Release|x64.Build.0 = Release|Any CPU
		{000CC7EE-1A85-4AF7-B360-78BECD80DDC0}.Release|x86.ActiveCfg = Release|Any CPU
		{000CC7EE-1A85-4AF7-B360-78BECD80DDC0}.Release|x86.Build.0 = Release|Any CPU
	EndGlobalSection
	GlobalSection(SolutionProperties) = preSolution
		HideSolutionNode = FALSE
	EndGlobalSection
	GlobalSection(NestedProjects) = preSolution
		{E980C238-4ADB-46E6-BC72-876F93789CEB} = {827E0CD3-B72D-47B6-A68D-7590B98EB39B}
		{C0C01CCF-82E2-4E22-AC29-31A733850F68} = {827E0CD3-B72D-47B6-A68D-7590B98EB39B}
		{86479342-A5F7-4070-8DED-ADAB7EB2665F} = {827E0CD3-B72D-47B6-A68D-7590B98EB39B}
		{882E9223-81FB-46D9-B74A-4CFF0331AE48} = {827E0CD3-B72D-47B6-A68D-7590B98EB39B}
		{2437D88D-801C-45F9-85F5-FE65E09BD50A} = {0AB3BF05-4346-4AA6-1389-037BE0695223}
		{732125C4-7198-4B97-9D72-74F5DE200B28} = {0AB3BF05-4346-4AA6-1389-037BE0695223}
		{000CC7EE-1A85-4AF7-B360-78BECD80DDC0} = {0AB3BF05-4346-4AA6-1389-037BE0695223}
	EndGlobalSection
EndGlobal
